
Microsoft Visual Studio Solution File, Format Version 12.00
# Visual Studio 15
VisualStudioVersion = 15.0.27130.2020
MinimumVisualStudioVersion = 10.0.40219.1
Project("{FAE04EC0-301F-11D3-BF4B-00C04F79EFBC}") = "Generator", "Generator\Generator.csproj", "{B13D86C3-CE53-4F12-AF2F-937F672BBD18}"
EndProject
Global
	GlobalSection(SolutionConfigurationPlatforms) = preSolution
		Debug|x86 = Debug|x86
		Release|x86 = Release|x86
	EndGlobalSection
	GlobalSection(ProjectConfigurationPlatforms) = postSolution
		{B13D86C3-CE53-4F12-AF2F-937F672BBD18}.Debug|x86.ActiveCfg = Debug|x86
		{B13D86C3-CE53-4F12-AF2F-937F672BBD18}.Debug|x86.Build.0 = Debug|x86
		{B13D86C3-CE53-4F12-AF2F-937F672BBD18}.Release|x86.ActiveCfg = Release|x86
		{B13D86C3-CE53-4F12-AF2F-937F672BBD18}.Release|x86.Build.0 = Release|x86
	EndGlobalSection
	GlobalSection(SolutionProperties) = preSolution
		HideSolutionNode = FALSE
	EndGlobalSection
	GlobalSection(ExtensibilityGlobals) = postSolution
		SolutionGuid = {33FC4A1D-A086-4C1E-BC83-DF2A92F45069}
	EndGlobalSection
EndGlobal
