Microsoft Visual Studio Solution File, Format Version 11.00
# Visual Studio 2008

Project("{92A8F0B9-D28A-89B4-80BD-1D29F46F0484}") = "Generator", "Assembly-CSharp-firstpass.csproj", "{62EAFE17-3E7E-80E3-BAEC-2A354B8A4898}"
EndProject
Project("{92A8F0B9-D28A-89B4-80BD-1D29F46F0484}") = "Generator", "Assembly-CSharp.csproj", "{4235B121-EB01-08FB-26D3-12CC486FDBEC}"
EndProject
Project("{92A8F0B9-D28A-89B4-80BD-1D29F46F0484}") = "Generator", "Assembly-CSharp-Editor.csproj", "{A09E1036-27E2-6F9D-68A8-4948906F428B}"
EndProject
Global
	GlobalSection(SolutionConfigurationPlatforms) = preSolution
		Debug|Any CPU = Debug|Any CPU
		Release|Any CPU = Release|Any CPU
	EndGlobalSection
	GlobalSection(ProjectConfigurationPlatforms) = postSolution
		{62EAFE17-3E7E-80E3-BAEC-2A354B8A4898}.Debug|Any CPU.ActiveCfg = Debug|Any CPU
		{62EAFE17-3E7E-80E3-BAEC-2A354B8A4898}.Debug|Any CPU.Build.0 = Debug|Any CPU
		{62EAFE17-3E7E-80E3-BAEC-2A354B8A4898}.Release|Any CPU.ActiveCfg = Release|Any CPU
		{62EAFE17-3E7E-80E3-BAEC-2A354B8A4898}.Release|Any CPU.Build.0 = Release|Any CPU
		{4235B121-EB01-08FB-26D3-12CC486FDBEC}.Debug|Any CPU.ActiveCfg = Debug|Any CPU
		{4235B121-EB01-08FB-26D3-12CC486FDBEC}.Debug|Any CPU.Build.0 = Debug|Any CPU
		{4235B121-EB01-08FB-26D3-12CC486FDBEC}.Release|Any CPU.ActiveCfg = Release|Any CPU
		{4235B121-EB01-08FB-26D3-12CC486FDBEC}.Release|Any CPU.Build.0 = Release|Any CPU
		{A09E1036-27E2-6F9D-68A8-4948906F428B}.Debug|Any CPU.ActiveCfg = Debug|Any CPU
		{A09E1036-27E2-6F9D-68A8-4948906F428B}.Debug|Any CPU.Build.0 = Debug|Any CPU
		{A09E1036-27E2-6F9D-68A8-4948906F428B}.Release|Any CPU.ActiveCfg = Release|Any CPU
		{A09E1036-27E2-6F9D-68A8-4948906F428B}.Release|Any CPU.Build.0 = Release|Any CPU
	EndGlobalSection
	GlobalSection(SolutionProperties) = preSolution
		HideSolutionNode = FALSE
	EndGlobalSection
	GlobalSection(MonoDevelopProperties) = preSolution
		StartupItem = Assembly-CSharp.csproj
	EndGlobalSection
EndGlobal
